
Microsoft Visual Studio Solution File, Format Version 12.00
# Visual Studio Version 16
VisualStudioVersion = 16.0.31205.134
MinimumVisualStudioVersion = 10.0.40219.1
Project("{FAE04EC0-301F-11D3-BF4B-00C04F79EFBC}") = "BDDVersionWPF", "BDDVersionWPF.csproj", "{9F78A7D8-B8C2-47A1-B6D1-2EBF298731E8}"
EndProject
Global
	GlobalSection(SolutionConfigurationPlatforms) = preSolution
		Debug|Any CPU = Debug|Any CPU
		Release|Any CPU = Release|Any CPU
	EndGlobalSection
	GlobalSection(ProjectConfigurationPlatforms) = postSolution
		{9F78A7D8-B8C2-47A1-B6D1-2EBF298731E8}.Debug|Any CPU.ActiveCfg = Debug|Any CPU
		{9F78A7D8-B8C2-47A1-B6D1-2EBF298731E8}.Debug|Any CPU.Build.0 = Debug|Any CPU
		{9F78A7D8-B8C2-47A1-B6D1-2EBF298731E8}.Release|Any CPU.ActiveCfg = Release|Any CPU
		{9F78A7D8-B8C2-47A1-B6D1-2EBF298731E8}.Release|Any CPU.Build.0 = Release|Any CPU
	EndGlobalSection
	GlobalSection(SolutionProperties) = preSolution
		HideSolutionNode = FALSE
	EndGlobalSection
	GlobalSection(ExtensibilityGlobals) = postSolution
		SolutionGuid = {20D2ADBF-0C1F-4942-9485-40FEA3E2071B}
	EndGlobalSection
EndGlobal
